{
  "version": 4,
  "terraform_version": "1.0.7",
  "serial": 67,
  "lineage": "20857479-d6b8-61f4-9616-fa1626d37c58",
  "outputs": {
    "eks_cluster_certificate_authority": {
      "value": [
        {
          "data": "LS0tLS1CRUdJTiBDRVJUSUZJQ0FURS0tLS0tCk1JSUM1ekNDQWMrZ0F3SUJBZ0lCQURBTkJna3Foa2lHOXcwQkFRc0ZBREFWTVJNd0VRWURWUVFERXdwcmRXSmwKY201bGRHVnpNQjRYRFRJeE1Ea3pNREl6TkRNek9Gb1hEVE14TURreU9ESXpORE16T0Zvd0ZURVRNQkVHQTFVRQpBeE1LYTNWaVpYSnVaWFJsY3pDQ0FTSXdEUVlKS29aSWh2Y05BUUVCQlFBRGdnRVBBRENDQVFvQ2dnRUJBS25kClNhZkZYa1VNRVpBZUxyRnBwNCt1dVJEZTNyYThldFNLalZYS3JyTjZOSUdBbTU0VjJXbElDYTlSaUtNeVM3N1oKWCtrMnhrdStMY3ZXdEgzL0hYeVlubTcreHJrd1ppejBYSkV2TjhHMXBDMnBjRnNyWkxRWStaMTZHL2NLblUxcwptYmR6TjNsdU0wOEZKU0wrMTFlOFNoZFI5UUNvdVJZVnE2QWJVSk9QVTJFQW04Vk5YOVBwVXJpcEJHMXhVMWFqCkEvNFdHT1ZGSTdWc1JzK0VnaXFId0ZKbVl4cXJycDdEMS9xQjhHbmpmVUQveTFYdFRIN0VhSWVpSHU0MnFBU1UKMGd5dkprQWVOMkd3VnNCdjFFN05vT0FqZ1cwMFB2OWlJYmxYQUJPUUluKyt0RFIvZ21DTmMzVE50NVpoKzl4bAo3UDhYQ1RMc1RnUGRCQW94QkhjQ0F3RUFBYU5DTUVBd0RnWURWUjBQQVFIL0JBUURBZ0trTUE4R0ExVWRFd0VCCi93UUZNQU1CQWY4d0hRWURWUjBPQkJZRUZCVDgza2F6UjhwaS83TmIxZFFPb3dRQTQ5Z2FNQTBHQ1NxR1NJYjMKRFFFQkN3VUFBNElCQVFBZTFld0ZqbTVtbFVlNWhNZzhlK0dBTFc0ZTliTUJja0ZrSVp2aEZKbVhUTStZN05OSQpyVXRKeWwwWDAxNVpnSWJPbFRmWEZ0UzgzODRvZU9paWI1WUNjNWRJaG8yVXlkT0hsTGM1WmVXMW90RDVMODFCCkdRRGpBM1pzWnloVXBDS2w2SktYWkpXb3ZFU3RETWxhTzlyVXN1N2FXd2x3L2hYUSt0U0M4emRqYmJzenFSVkUKRzA1ZjBzMnNHaExvRnFNRW1TUDM4ZndSdWlkTDNWaHlJejBzV3N0Wk9wZmxQK3hlSEVybmxnUzdzUWQxSmVHbwo4VHRDQWtoOGVyaUJERnRKUVRDRU5KamNMem95b1lpczNxZERLMjUyM1FjMjArdElOdTI4QnRBNjhQbFE4Zmw0CnhJTUI5V3hKWnBrNW5GZnBZaWNkM3RBVDZreTBlN1ZYVUdPUAotLS0tLUVORCBDRVJUSUZJQ0FURS0tLS0tCg=="
        }
      ],
      "type": [
        "list",
        [
          "object",
          {
            "data": "string"
          }
        ]
      ]
    },
    "eks_cluster_endpoint": {
      "value": "https://40E0136F226B77FBE96300D594C50AF9.gr7.us-east-2.eks.amazonaws.com",
      "type": "string"
    }
  },
  "resources": [
    {
      "mode": "managed",
      "type": "aws_db_instance",
      "name": "airflow-database",
      "provider": "provider[\"registry.terraform.io/hashicorp/aws\"]",
      "instances": [
        {
          "schema_version": 1,
          "attributes": {
            "address": "airflow-database.cj58hjbkslsf.us-east-2.rds.amazonaws.com",
            "allocated_storage": 20,
            "allow_major_version_upgrade": null,
            "apply_immediately": true,
            "arn": "arn:aws:rds:us-east-2:756810997654:db:airflow-database",
            "auto_minor_version_upgrade": true,
            "availability_zone": "us-east-2b",
            "backup_retention_period": 14,
            "backup_window": "10:27-10:57",
            "ca_cert_identifier": "rds-ca-2019",
            "character_set_name": "",
            "copy_tags_to_snapshot": false,
            "customer_owned_ip_enabled": false,
            "db_subnet_group_name": "airflow-database-subnetgroup",
            "delete_automated_backups": true,
            "deletion_protection": false,
            "domain": "",
            "domain_iam_role_name": "",
            "enabled_cloudwatch_logs_exports": [],
            "endpoint": "airflow-database.cj58hjbkslsf.us-east-2.rds.amazonaws.com:5432",
            "engine": "postgres",
            "engine_version": "9.6.6",
            "engine_version_actual": "9.6.6",
            "final_snapshot_identifier": "airflow-database-final-snapshot-1",
            "hosted_zone_id": "Z2XHWR1WZ565X2",
            "iam_database_authentication_enabled": false,
            "id": "airflow-database",
            "identifier": "airflow-database",
            "identifier_prefix": null,
            "instance_class": "db.t2.small",
            "iops": 0,
            "kms_key_id": "",
            "latest_restorable_time": "2021-10-01T08:41:44Z",
            "license_model": "postgresql-license",
            "maintenance_window": "fri:09:20-fri:09:50",
            "max_allocated_storage": 0,
            "monitoring_interval": 0,
            "monitoring_role_arn": "",
            "multi_az": false,
            "name": "airflow",
            "nchar_character_set_name": "",
            "option_group_name": "default:postgres-9-6",
            "parameter_group_name": "default.postgres9.6",
            "password": "password",
            "performance_insights_enabled": false,
            "performance_insights_kms_key_id": "",
            "performance_insights_retention_period": 0,
            "port": 5432,
            "publicly_accessible": false,
            "replicas": [],
            "replicate_source_db": "",
            "resource_id": "db-N3OQ42SESLDI34HYN7XBEO232U",
            "restore_to_point_in_time": [],
            "s3_import": [],
            "security_group_names": [],
            "skip_final_snapshot": false,
            "snapshot_identifier": null,
            "status": "available",
            "storage_encrypted": false,
            "storage_type": "gp2",
            "tags": {},
            "tags_all": {},
            "timeouts": null,
            "timezone": "",
            "username": "airflow",
            "vpc_security_group_ids": [
              "sg-06c9dde7b4235ea05"
            ]
          },
          "sensitive_attributes": [],
          "private": "eyJlMmJmYjczMC1lY2FhLTExZTYtOGY4OC0zNDM2M2JjN2M0YzAiOnsiY3JlYXRlIjoyNDAwMDAwMDAwMDAwLCJkZWxldGUiOjM2MDAwMDAwMDAwMDAsInVwZGF0ZSI6NDgwMDAwMDAwMDAwMH0sInNjaGVtYV92ZXJzaW9uIjoiMSJ9",
          "dependencies": [
            "aws_db_subnet_group.airflow_subnetgroup",
            "aws_security_group.allow_airflow_database",
            "aws_subnet.eks-subnet-1",
            "aws_subnet.eks-subnet-2",
            "aws_vpc.vpc"
          ]
        }
      ]
    },
    {
      "mode": "managed",
      "type": "aws_db_subnet_group",
      "name": "airflow_subnetgroup",
      "provider": "provider[\"registry.terraform.io/hashicorp/aws\"]",
      "instances": [
        {
          "schema_version": 0,
          "attributes": {
            "arn": "arn:aws:rds:us-east-2:756810997654:subgrp:airflow-database-subnetgroup",
            "description": "airflow database subnet group",
            "id": "airflow-database-subnetgroup",
            "name": "airflow-database-subnetgroup",
            "name_prefix": null,
            "subnet_ids": [
              "subnet-0c0a827db06dcad5f",
              "subnet-0e8a096dd63a2c2b7"
            ],
            "tags": {},
            "tags_all": {}
          },
          "sensitive_attributes": [],
          "private": "bnVsbA==",
          "dependencies": [
            "aws_subnet.eks-subnet-1",
            "aws_subnet.eks-subnet-2",
            "aws_vpc.vpc"
          ]
        }
      ]
    },
    {
      "mode": "managed",
      "type": "aws_efs_access_point",
      "name": "efs-ap",
      "provider": "provider[\"registry.terraform.io/hashicorp/aws\"]",
      "instances": [
        {
          "schema_version": 0,
          "attributes": {
            "arn": "arn:aws:elasticfilesystem:us-east-2:756810997654:access-point/fsap-0703da8c98836c3ba",
            "file_system_arn": "arn:aws:elasticfilesystem:us-east-2:756810997654:file-system/fs-c2b91db9",
            "file_system_id": "fs-c2b91db9",
            "id": "fsap-0703da8c98836c3ba",
            "owner_id": "756810997654",
            "posix_user": [
              {
                "gid": 1000,
                "secondary_gids": [],
                "uid": 1000
              }
            ],
            "root_directory": [
              {
                "creation_info": [],
                "path": "/airflow"
              }
            ],
            "tags": {
              "Name": "efs_ap"
            },
            "tags_all": {
              "Name": "efs_ap"
            }
          },
          "sensitive_attributes": [],
          "private": "bnVsbA==",
          "dependencies": [
            "aws_efs_file_system.eks-efs"
          ]
        }
      ]
    },
    {
      "mode": "managed",
      "type": "aws_efs_file_system",
      "name": "eks-efs",
      "provider": "provider[\"registry.terraform.io/hashicorp/aws\"]",
      "instances": [
        {
          "schema_version": 0,
          "attributes": {
            "arn": "arn:aws:elasticfilesystem:us-east-2:756810997654:file-system/fs-c2b91db9",
            "availability_zone_id": "",
            "availability_zone_name": "",
            "creation_token": "airflow-efs",
            "dns_name": "fs-c2b91db9.efs.us-east-2.amazonaws.com",
            "encrypted": true,
            "id": "fs-c2b91db9",
            "kms_key_id": "arn:aws:kms:us-east-2:756810997654:key/80a0ac3b-7753-459d-9281-c44ae66aafb3",
            "lifecycle_policy": [
              {
                "transition_to_ia": "AFTER_30_DAYS",
                "transition_to_primary_storage_class": ""
              }
            ],
            "number_of_mount_targets": 3,
            "owner_id": "756810997654",
            "performance_mode": "generalPurpose",
            "provisioned_throughput_in_mibps": 0,
            "size_in_bytes": [
              {
                "value": 6144,
                "value_in_ia": 0,
                "value_in_standard": 6144
              }
            ],
            "tags": {},
            "tags_all": {},
            "throughput_mode": "bursting"
          },
          "sensitive_attributes": [],
          "private": "bnVsbA=="
        }
      ]
    },
    {
      "mode": "managed",
      "type": "aws_efs_mount_target",
      "name": "mount-1",
      "provider": "provider[\"registry.terraform.io/hashicorp/aws\"]",
      "instances": [
        {
          "schema_version": 0,
          "attributes": {
            "availability_zone_id": "use2-az1",
            "availability_zone_name": "us-east-2a",
            "dns_name": "fs-c2b91db9.efs.us-east-2.amazonaws.com",
            "file_system_arn": "arn:aws:elasticfilesystem:us-east-2:756810997654:file-system/fs-c2b91db9",
            "file_system_id": "fs-c2b91db9",
            "id": "fsmt-b4ad43cc",
            "ip_address": "10.0.1.51",
            "mount_target_dns_name": "us-east-2a.fs-c2b91db9.efs.us-east-2.amazonaws.com",
            "network_interface_id": "eni-05e8247292015a13d",
            "owner_id": "756810997654",
            "security_groups": [
              "sg-0b566c014a0153876"
            ],
            "subnet_id": "subnet-0e8a096dd63a2c2b7"
          },
          "sensitive_attributes": [],
          "private": "bnVsbA==",
          "dependencies": [
            "aws_efs_file_system.eks-efs",
            "aws_security_group.allow_airflow_efs",
            "aws_subnet.eks-subnet-1",
            "aws_vpc.vpc"
          ]
        }
      ]
    },
    {
      "mode": "managed",
      "type": "aws_efs_mount_target",
      "name": "mount-2",
      "provider": "provider[\"registry.terraform.io/hashicorp/aws\"]",
      "instances": [
        {
          "schema_version": 0,
          "attributes": {
            "availability_zone_id": "use2-az2",
            "availability_zone_name": "us-east-2b",
            "dns_name": "fs-c2b91db9.efs.us-east-2.amazonaws.com",
            "file_system_arn": "arn:aws:elasticfilesystem:us-east-2:756810997654:file-system/fs-c2b91db9",
            "file_system_id": "fs-c2b91db9",
            "id": "fsmt-b3ad43cb",
            "ip_address": "10.0.2.160",
            "mount_target_dns_name": "us-east-2b.fs-c2b91db9.efs.us-east-2.amazonaws.com",
            "network_interface_id": "eni-0c1cc970937b9097f",
            "owner_id": "756810997654",
            "security_groups": [
              "sg-0b566c014a0153876"
            ],
            "subnet_id": "subnet-0c0a827db06dcad5f"
          },
          "sensitive_attributes": [],
          "private": "bnVsbA==",
          "dependencies": [
            "aws_vpc.vpc",
            "aws_efs_file_system.eks-efs",
            "aws_security_group.allow_airflow_efs",
            "aws_subnet.eks-subnet-2"
          ]
        }
      ]
    },
    {
      "mode": "managed",
      "type": "aws_efs_mount_target",
      "name": "mount-3",
      "provider": "provider[\"registry.terraform.io/hashicorp/aws\"]",
      "instances": [
        {
          "schema_version": 0,
          "attributes": {
            "availability_zone_id": "use2-az3",
            "availability_zone_name": "us-east-2c",
            "dns_name": "fs-c2b91db9.efs.us-east-2.amazonaws.com",
            "file_system_arn": "arn:aws:elasticfilesystem:us-east-2:756810997654:file-system/fs-c2b91db9",
            "file_system_id": "fs-c2b91db9",
            "id": "fsmt-8cad43f4",
            "ip_address": "10.0.3.179",
            "mount_target_dns_name": "us-east-2c.fs-c2b91db9.efs.us-east-2.amazonaws.com",
            "network_interface_id": "eni-003c3b113f4ce5e54",
            "owner_id": "756810997654",
            "security_groups": [
              "sg-0b566c014a0153876"
            ],
            "subnet_id": "subnet-07777767af722b8b0"
          },
          "sensitive_attributes": [],
          "private": "bnVsbA==",
          "dependencies": [
            "aws_efs_file_system.eks-efs",
            "aws_security_group.allow_airflow_efs",
            "aws_subnet.eks-subnet-3",
            "aws_vpc.vpc"
          ]
        }
      ]
    },
    {
      "mode": "managed",
      "type": "aws_eks_cluster",
      "name": "aws_eks",
      "provider": "provider[\"registry.terraform.io/hashicorp/aws\"]",
      "instances": [
        {
          "schema_version": 0,
          "attributes": {
            "arn": "arn:aws:eks:us-east-2:756810997654:cluster/eks_cluster_airflow",
            "certificate_authority": [
              {
                "data": "LS0tLS1CRUdJTiBDRVJUSUZJQ0FURS0tLS0tCk1JSUM1ekNDQWMrZ0F3SUJBZ0lCQURBTkJna3Foa2lHOXcwQkFRc0ZBREFWTVJNd0VRWURWUVFERXdwcmRXSmwKY201bGRHVnpNQjRYRFRJeE1Ea3pNREl6TkRNek9Gb1hEVE14TURreU9ESXpORE16T0Zvd0ZURVRNQkVHQTFVRQpBeE1LYTNWaVpYSnVaWFJsY3pDQ0FTSXdEUVlKS29aSWh2Y05BUUVCQlFBRGdnRVBBRENDQVFvQ2dnRUJBS25kClNhZkZYa1VNRVpBZUxyRnBwNCt1dVJEZTNyYThldFNLalZYS3JyTjZOSUdBbTU0VjJXbElDYTlSaUtNeVM3N1oKWCtrMnhrdStMY3ZXdEgzL0hYeVlubTcreHJrd1ppejBYSkV2TjhHMXBDMnBjRnNyWkxRWStaMTZHL2NLblUxcwptYmR6TjNsdU0wOEZKU0wrMTFlOFNoZFI5UUNvdVJZVnE2QWJVSk9QVTJFQW04Vk5YOVBwVXJpcEJHMXhVMWFqCkEvNFdHT1ZGSTdWc1JzK0VnaXFId0ZKbVl4cXJycDdEMS9xQjhHbmpmVUQveTFYdFRIN0VhSWVpSHU0MnFBU1UKMGd5dkprQWVOMkd3VnNCdjFFN05vT0FqZ1cwMFB2OWlJYmxYQUJPUUluKyt0RFIvZ21DTmMzVE50NVpoKzl4bAo3UDhYQ1RMc1RnUGRCQW94QkhjQ0F3RUFBYU5DTUVBd0RnWURWUjBQQVFIL0JBUURBZ0trTUE4R0ExVWRFd0VCCi93UUZNQU1CQWY4d0hRWURWUjBPQkJZRUZCVDgza2F6UjhwaS83TmIxZFFPb3dRQTQ5Z2FNQTBHQ1NxR1NJYjMKRFFFQkN3VUFBNElCQVFBZTFld0ZqbTVtbFVlNWhNZzhlK0dBTFc0ZTliTUJja0ZrSVp2aEZKbVhUTStZN05OSQpyVXRKeWwwWDAxNVpnSWJPbFRmWEZ0UzgzODRvZU9paWI1WUNjNWRJaG8yVXlkT0hsTGM1WmVXMW90RDVMODFCCkdRRGpBM1pzWnloVXBDS2w2SktYWkpXb3ZFU3RETWxhTzlyVXN1N2FXd2x3L2hYUSt0U0M4emRqYmJzenFSVkUKRzA1ZjBzMnNHaExvRnFNRW1TUDM4ZndSdWlkTDNWaHlJejBzV3N0Wk9wZmxQK3hlSEVybmxnUzdzUWQxSmVHbwo4VHRDQWtoOGVyaUJERnRKUVRDRU5KamNMem95b1lpczNxZERLMjUyM1FjMjArdElOdTI4QnRBNjhQbFE4Zmw0CnhJTUI5V3hKWnBrNW5GZnBZaWNkM3RBVDZreTBlN1ZYVUdPUAotLS0tLUVORCBDRVJUSUZJQ0FURS0tLS0tCg=="
              }
            ],
            "created_at": "2021-09-30 23:37:15.81 +0000 UTC",
            "enabled_cluster_log_types": [],
            "encryption_config": [],
            "endpoint": "https://40E0136F226B77FBE96300D594C50AF9.gr7.us-east-2.eks.amazonaws.com",
            "id": "eks_cluster_airflow",
            "identity": [
              {
                "oidc": [
                  {
                    "issuer": "https://oidc.eks.us-east-2.amazonaws.com/id/40E0136F226B77FBE96300D594C50AF9"
                  }
                ]
              }
            ],
            "kubernetes_network_config": [
              {
                "service_ipv4_cidr": "172.20.0.0/16"
              }
            ],
            "name": "eks_cluster_airflow",
            "platform_version": "eks.2",
            "role_arn": "arn:aws:iam::756810997654:role/eks-cluster",
            "status": "ACTIVE",
            "tags": {
              "Name": "EKS_AIRFLOW"
            },
            "tags_all": {
              "Name": "EKS_AIRFLOW"
            },
            "timeouts": null,
            "version": "1.21",
            "vpc_config": [
              {
                "cluster_security_group_id": "sg-0b226446d55f26109",
                "endpoint_private_access": false,
                "endpoint_public_access": true,
                "public_access_cidrs": [
                  "0.0.0.0/0"
                ],
                "security_group_ids": [],
                "subnet_ids": [
                  "subnet-07777767af722b8b0",
                  "subnet-0c0a827db06dcad5f",
                  "subnet-0e8a096dd63a2c2b7"
                ],
                "vpc_id": "vpc-002e1be11b5b2f6e0"
              }
            ]
          },
          "sensitive_attributes": [],
          "private": "eyJlMmJmYjczMC1lY2FhLTExZTYtOGY4OC0zNDM2M2JjN2M0YzAiOnsiY3JlYXRlIjoxODAwMDAwMDAwMDAwLCJkZWxldGUiOjkwMDAwMDAwMDAwMCwidXBkYXRlIjozNjAwMDAwMDAwMDAwfX0=",
          "dependencies": [
            "aws_iam_role.eks_cluster",
            "aws_subnet.eks-subnet-1",
            "aws_subnet.eks-subnet-2",
            "aws_subnet.eks-subnet-3",
            "aws_vpc.vpc"
          ]
        }
      ]
    },
    {
      "mode": "managed",
      "type": "aws_eks_node_group",
      "name": "node",
      "provider": "provider[\"registry.terraform.io/hashicorp/aws\"]",
      "instances": [
        {
          "status": "tainted",
          "schema_version": 0,
          "attributes": {
            "ami_type": null,
            "arn": null,
            "capacity_type": null,
            "cluster_name": "eks_cluster_airflow",
            "disk_size": null,
            "force_update_version": null,
            "id": "eks_cluster_airflow:airflow_node_group",
            "instance_types": [],
            "labels": null,
            "launch_template": [],
            "node_group_name": "airflow_node_group",
            "node_group_name_prefix": null,
            "node_role_arn": "arn:aws:iam::756810997654:role/eks-node-group",
            "release_version": null,
            "remote_access": [],
            "resources": null,
            "scaling_config": [
              {
                "desired_size": 1,
                "max_size": 3,
                "min_size": 1
              }
            ],
            "status": null,
            "subnet_ids": [
              "subnet-07777767af722b8b0",
              "subnet-0c0a827db06dcad5f",
              "subnet-0e8a096dd63a2c2b7"
            ],
            "tags": null,
            "tags_all": null,
            "taint": [],
            "timeouts": null,
            "update_config": null,
            "version": null
          },
          "sensitive_attributes": [],
          "private": "eyJlMmJmYjczMC1lY2FhLTExZTYtOGY4OC0zNDM2M2JjN2M0YzAiOnsiY3JlYXRlIjozNjAwMDAwMDAwMDAwLCJkZWxldGUiOjM2MDAwMDAwMDAwMDAsInVwZGF0ZSI6MzYwMDAwMDAwMDAwMH19",
          "dependencies": [
            "aws_eks_cluster.aws_eks",
            "aws_iam_role.eks_nodes",
            "aws_iam_role_policy_attachment.AmazonEC2ContainerRegistryReadOnly",
            "aws_iam_role_policy_attachment.AmazonEKSWorkerNodePolicy",
            "aws_iam_role_policy_attachment.AmazonEKS_CNI_Policy",
            "aws_subnet.eks-subnet-1",
            "aws_subnet.eks-subnet-2",
            "aws_subnet.eks-subnet-3"
          ]
        }
      ]
    },
    {
      "mode": "managed",
      "type": "aws_iam_role",
      "name": "eks_cluster",
      "provider": "provider[\"registry.terraform.io/hashicorp/aws\"]",
      "instances": [
        {
          "schema_version": 0,
          "attributes": {
            "arn": "arn:aws:iam::756810997654:role/eks-cluster",
            "assume_role_policy": "{\"Version\":\"2012-10-17\",\"Statement\":[{\"Effect\":\"Allow\",\"Principal\":{\"Service\":\"eks.amazonaws.com\"},\"Action\":\"sts:AssumeRole\"}]}",
            "create_date": "2021-09-30T22:09:37Z",
            "description": "",
            "force_detach_policies": false,
            "id": "eks-cluster",
            "inline_policy": [
              {
                "name": "",
                "policy": ""
              }
            ],
            "managed_policy_arns": [
              "arn:aws:iam::aws:policy/AmazonEKSClusterPolicy",
              "arn:aws:iam::aws:policy/AmazonEKSServicePolicy"
            ],
            "max_session_duration": 3600,
            "name": "eks-cluster",
            "name_prefix": "",
            "path": "/",
            "permissions_boundary": null,
            "tags": {},
            "tags_all": {},
            "unique_id": "AROA3ANLTL6LGK6FBDTOK"
          },
          "sensitive_attributes": [],
          "private": "bnVsbA=="
        }
      ]
    },
    {
      "mode": "managed",
      "type": "aws_iam_role",
      "name": "eks_nodes",
      "provider": "provider[\"registry.terraform.io/hashicorp/aws\"]",
      "instances": [
        {
          "schema_version": 0,
          "attributes": {
            "arn": "arn:aws:iam::756810997654:role/eks-node-group",
            "assume_role_policy": "{\"Version\":\"2012-10-17\",\"Statement\":[{\"Effect\":\"Allow\",\"Principal\":{\"Service\":\"ec2.amazonaws.com\"},\"Action\":\"sts:AssumeRole\"}]}",
            "create_date": "2021-09-30T22:09:37Z",
            "description": "",
            "force_detach_policies": false,
            "id": "eks-node-group",
            "inline_policy": [
              {
                "name": "",
                "policy": ""
              }
            ],
            "managed_policy_arns": [
              "arn:aws:iam::aws:policy/AmazonEC2ContainerRegistryReadOnly",
              "arn:aws:iam::aws:policy/AmazonEKSWorkerNodePolicy",
              "arn:aws:iam::aws:policy/AmazonEKS_CNI_Policy"
            ],
            "max_session_duration": 3600,
            "name": "eks-node-group",
            "name_prefix": "",
            "path": "/",
            "permissions_boundary": null,
            "tags": {},
            "tags_all": {},
            "unique_id": "AROA3ANLTL6LIGQVNJU6L"
          },
          "sensitive_attributes": [],
          "private": "bnVsbA=="
        }
      ]
    },
    {
      "mode": "managed",
      "type": "aws_iam_role_policy_attachment",
      "name": "AmazonEC2ContainerRegistryReadOnly",
      "provider": "provider[\"registry.terraform.io/hashicorp/aws\"]",
      "instances": [
        {
          "schema_version": 0,
          "attributes": {
            "id": "eks-node-group-20210930220938744900000005",
            "policy_arn": "arn:aws:iam::aws:policy/AmazonEC2ContainerRegistryReadOnly",
            "role": "eks-node-group"
          },
          "sensitive_attributes": [],
          "private": "bnVsbA==",
          "dependencies": [
            "aws_iam_role.eks_nodes"
          ]
        }
      ]
    },
    {
      "mode": "managed",
      "type": "aws_iam_role_policy_attachment",
      "name": "AmazonEKSClusterPolicy",
      "provider": "provider[\"registry.terraform.io/hashicorp/aws\"]",
      "instances": [
        {
          "schema_version": 0,
          "attributes": {
            "id": "eks-cluster-20210930220938744900000004",
            "policy_arn": "arn:aws:iam::aws:policy/AmazonEKSClusterPolicy",
            "role": "eks-cluster"
          },
          "sensitive_attributes": [],
          "private": "bnVsbA==",
          "dependencies": [
            "aws_iam_role.eks_cluster"
          ]
        }
      ]
    },
    {
      "mode": "managed",
      "type": "aws_iam_role_policy_attachment",
      "name": "AmazonEKSServicePolicy",
      "provider": "provider[\"registry.terraform.io/hashicorp/aws\"]",
      "instances": [
        {
          "schema_version": 0,
          "attributes": {
            "id": "eks-cluster-20210930220938744900000003",
            "policy_arn": "arn:aws:iam::aws:policy/AmazonEKSServicePolicy",
            "role": "eks-cluster"
          },
          "sensitive_attributes": [],
          "private": "bnVsbA==",
          "dependencies": [
            "aws_iam_role.eks_cluster"
          ]
        }
      ]
    },
    {
      "mode": "managed",
      "type": "aws_iam_role_policy_attachment",
      "name": "AmazonEKSWorkerNodePolicy",
      "provider": "provider[\"registry.terraform.io/hashicorp/aws\"]",
      "instances": [
        {
          "schema_version": 0,
          "attributes": {
            "id": "eks-node-group-20210930220938737200000002",
            "policy_arn": "arn:aws:iam::aws:policy/AmazonEKSWorkerNodePolicy",
            "role": "eks-node-group"
          },
          "sensitive_attributes": [],
          "private": "bnVsbA==",
          "dependencies": [
            "aws_iam_role.eks_nodes"
          ]
        }
      ]
    },
    {
      "mode": "managed",
      "type": "aws_iam_role_policy_attachment",
      "name": "AmazonEKS_CNI_Policy",
      "provider": "provider[\"registry.terraform.io/hashicorp/aws\"]",
      "instances": [
        {
          "schema_version": 0,
          "attributes": {
            "id": "eks-node-group-20210930220938737100000001",
            "policy_arn": "arn:aws:iam::aws:policy/AmazonEKS_CNI_Policy",
            "role": "eks-node-group"
          },
          "sensitive_attributes": [],
          "private": "bnVsbA==",
          "dependencies": [
            "aws_iam_role.eks_nodes"
          ]
        }
      ]
    },
    {
      "mode": "managed",
      "type": "aws_internet_gateway",
      "name": "igw",
      "provider": "provider[\"registry.terraform.io/hashicorp/aws\"]",
      "instances": [
        {
          "schema_version": 0,
          "attributes": {
            "arn": "arn:aws:ec2:us-east-2:756810997654:internet-gateway/igw-018ad036645a6c7c5",
            "id": "igw-018ad036645a6c7c5",
            "owner_id": "756810997654",
            "tags": {
              "Environment": "default",
              "Name": "internet-gateway"
            },
            "tags_all": {
              "Environment": "default",
              "Name": "internet-gateway"
            },
            "vpc_id": "vpc-002e1be11b5b2f6e0"
          },
          "sensitive_attributes": [],
          "private": "bnVsbA==",
          "dependencies": [
            "aws_vpc.vpc"
          ]
        }
      ]
    },
    {
      "mode": "managed",
      "type": "aws_route_table",
      "name": "route",
      "provider": "provider[\"registry.terraform.io/hashicorp/aws\"]",
      "instances": [
        {
          "schema_version": 0,
          "attributes": {
            "arn": "arn:aws:ec2:us-east-2:756810997654:route-table/rtb-076a899c9dc6ff82c",
            "id": "rtb-076a899c9dc6ff82c",
            "owner_id": "756810997654",
            "propagating_vgws": [],
            "route": [
              {
                "carrier_gateway_id": "",
                "cidr_block": "0.0.0.0/0",
                "destination_prefix_list_id": "",
                "egress_only_gateway_id": "",
                "gateway_id": "igw-018ad036645a6c7c5",
                "instance_id": "",
                "ipv6_cidr_block": "",
                "local_gateway_id": "",
                "nat_gateway_id": "",
                "network_interface_id": "",
                "transit_gateway_id": "",
                "vpc_endpoint_id": "",
                "vpc_peering_connection_id": ""
              }
            ],
            "tags": {
              "Environment": "default",
              "Name": "route_table"
            },
            "tags_all": {
              "Environment": "default",
              "Name": "route_table"
            },
            "vpc_id": "vpc-002e1be11b5b2f6e0"
          },
          "sensitive_attributes": [],
          "private": "bnVsbA==",
          "dependencies": [
            "aws_internet_gateway.igw",
            "aws_vpc.vpc"
          ]
        }
      ]
    },
    {
      "mode": "managed",
      "type": "aws_security_group",
      "name": "allow_airflow_database",
      "provider": "provider[\"registry.terraform.io/hashicorp/aws\"]",
      "instances": [
        {
          "schema_version": 1,
          "attributes": {
            "arn": "arn:aws:ec2:us-east-2:756810997654:security-group/sg-06c9dde7b4235ea05",
            "description": "Controlling traffic to and from airflows rds instance.",
            "egress": [
              {
                "cidr_blocks": [
                  "0.0.0.0/0"
                ],
                "description": "",
                "from_port": 0,
                "ipv6_cidr_blocks": [],
                "prefix_list_ids": [],
                "protocol": "-1",
                "security_groups": [],
                "self": false,
                "to_port": 0
              }
            ],
            "id": "sg-06c9dde7b4235ea05",
            "ingress": [
              {
                "cidr_blocks": [
                  "10.0.0.0/16"
                ],
                "description": "",
                "from_port": 5432,
                "ipv6_cidr_blocks": [],
                "prefix_list_ids": [],
                "protocol": "tcp",
                "security_groups": [],
                "self": false,
                "to_port": 5432
              }
            ],
            "name": "allow_airflow_database",
            "name_prefix": "",
            "owner_id": "756810997654",
            "revoke_rules_on_delete": false,
            "tags": {},
            "tags_all": {},
            "timeouts": null,
            "vpc_id": "vpc-002e1be11b5b2f6e0"
          },
          "sensitive_attributes": [],
          "private": "eyJlMmJmYjczMC1lY2FhLTExZTYtOGY4OC0zNDM2M2JjN2M0YzAiOnsiY3JlYXRlIjo2MDAwMDAwMDAwMDAsImRlbGV0ZSI6OTAwMDAwMDAwMDAwfSwic2NoZW1hX3ZlcnNpb24iOiIxIn0=",
          "dependencies": [
            "aws_vpc.vpc"
          ]
        }
      ]
    },
    {
      "mode": "managed",
      "type": "aws_security_group",
      "name": "allow_airflow_efs",
      "provider": "provider[\"registry.terraform.io/hashicorp/aws\"]",
      "instances": [
        {
          "schema_version": 1,
          "attributes": {
            "arn": "arn:aws:ec2:us-east-2:756810997654:security-group/sg-0b566c014a0153876",
            "description": "Controlling traffic to and from airflow efs",
            "egress": [
              {
                "cidr_blocks": [
                  "0.0.0.0/0"
                ],
                "description": "",
                "from_port": 0,
                "ipv6_cidr_blocks": [],
                "prefix_list_ids": [],
                "protocol": "-1",
                "security_groups": [],
                "self": false,
                "to_port": 0
              }
            ],
            "id": "sg-0b566c014a0153876",
            "ingress": [],
            "name": "airflow-efs-sg",
            "name_prefix": "",
            "owner_id": "756810997654",
            "revoke_rules_on_delete": false,
            "tags": {},
            "tags_all": {},
            "timeouts": null,
            "vpc_id": "vpc-002e1be11b5b2f6e0"
          },
          "sensitive_attributes": [],
          "private": "eyJlMmJmYjczMC1lY2FhLTExZTYtOGY4OC0zNDM2M2JjN2M0YzAiOnsiY3JlYXRlIjo2MDAwMDAwMDAwMDAsImRlbGV0ZSI6OTAwMDAwMDAwMDAwfSwic2NoZW1hX3ZlcnNpb24iOiIxIn0=",
          "dependencies": [
            "aws_vpc.vpc"
          ]
        }
      ]
    },
    {
      "mode": "managed",
      "type": "aws_security_group_rule",
      "name": "allow_airflow_database",
      "provider": "provider[\"registry.terraform.io/hashicorp/aws\"]",
      "instances": [
        {
          "schema_version": 2,
          "attributes": {
            "cidr_blocks": [
              "10.0.0.0/16"
            ],
            "description": "",
            "from_port": 5432,
            "id": "sgrule-3361077942",
            "ipv6_cidr_blocks": [],
            "prefix_list_ids": [],
            "protocol": "tcp",
            "security_group_id": "sg-06c9dde7b4235ea05",
            "self": false,
            "source_security_group_id": null,
            "to_port": 5432,
            "type": "ingress"
          },
          "sensitive_attributes": [],
          "private": "eyJzY2hlbWFfdmVyc2lvbiI6IjIifQ==",
          "dependencies": [
            "aws_security_group.allow_airflow_database",
            "aws_vpc.vpc"
          ]
        }
      ]
    },
    {
      "mode": "managed",
      "type": "aws_subnet",
      "name": "eks-subnet-1",
      "provider": "provider[\"registry.terraform.io/hashicorp/aws\"]",
      "instances": [
        {
          "schema_version": 1,
          "attributes": {
            "arn": "arn:aws:ec2:us-east-2:756810997654:subnet/subnet-0e8a096dd63a2c2b7",
            "assign_ipv6_address_on_creation": false,
            "availability_zone": "us-east-2a",
            "availability_zone_id": "use2-az1",
            "cidr_block": "10.0.1.0/24",
            "customer_owned_ipv4_pool": "",
            "id": "subnet-0e8a096dd63a2c2b7",
            "ipv6_cidr_block": "",
            "ipv6_cidr_block_association_id": "",
            "map_customer_owned_ip_on_launch": false,
            "map_public_ip_on_launch": true,
            "outpost_arn": "",
            "owner_id": "756810997654",
            "tags": {
              "Name": "subnet-1"
            },
            "tags_all": {
              "Name": "subnet-1"
            },
            "timeouts": null,
            "vpc_id": "vpc-002e1be11b5b2f6e0"
          },
          "sensitive_attributes": [],
          "private": "eyJlMmJmYjczMC1lY2FhLTExZTYtOGY4OC0zNDM2M2JjN2M0YzAiOnsiY3JlYXRlIjo2MDAwMDAwMDAwMDAsImRlbGV0ZSI6MTIwMDAwMDAwMDAwMH0sInNjaGVtYV92ZXJzaW9uIjoiMSJ9",
          "dependencies": [
            "aws_vpc.vpc"
          ]
        }
      ]
    },
    {
      "mode": "managed",
      "type": "aws_subnet",
      "name": "eks-subnet-2",
      "provider": "provider[\"registry.terraform.io/hashicorp/aws\"]",
      "instances": [
        {
          "schema_version": 1,
          "attributes": {
            "arn": "arn:aws:ec2:us-east-2:756810997654:subnet/subnet-0c0a827db06dcad5f",
            "assign_ipv6_address_on_creation": false,
            "availability_zone": "us-east-2b",
            "availability_zone_id": "use2-az2",
            "cidr_block": "10.0.2.0/24",
            "customer_owned_ipv4_pool": "",
            "id": "subnet-0c0a827db06dcad5f",
            "ipv6_cidr_block": "",
            "ipv6_cidr_block_association_id": "",
            "map_customer_owned_ip_on_launch": false,
            "map_public_ip_on_launch": true,
            "outpost_arn": "",
            "owner_id": "756810997654",
            "tags": {
              "Name": "subnet-2"
            },
            "tags_all": {
              "Name": "subnet-2"
            },
            "timeouts": null,
            "vpc_id": "vpc-002e1be11b5b2f6e0"
          },
          "sensitive_attributes": [],
          "private": "eyJlMmJmYjczMC1lY2FhLTExZTYtOGY4OC0zNDM2M2JjN2M0YzAiOnsiY3JlYXRlIjo2MDAwMDAwMDAwMDAsImRlbGV0ZSI6MTIwMDAwMDAwMDAwMH0sInNjaGVtYV92ZXJzaW9uIjoiMSJ9",
          "dependencies": [
            "aws_vpc.vpc"
          ]
        }
      ]
    },
    {
      "mode": "managed",
      "type": "aws_subnet",
      "name": "eks-subnet-3",
      "provider": "provider[\"registry.terraform.io/hashicorp/aws\"]",
      "instances": [
        {
          "schema_version": 1,
          "attributes": {
            "arn": "arn:aws:ec2:us-east-2:756810997654:subnet/subnet-07777767af722b8b0",
            "assign_ipv6_address_on_creation": false,
            "availability_zone": "us-east-2c",
            "availability_zone_id": "use2-az3",
            "cidr_block": "10.0.3.0/24",
            "customer_owned_ipv4_pool": "",
            "id": "subnet-07777767af722b8b0",
            "ipv6_cidr_block": "",
            "ipv6_cidr_block_association_id": "",
            "map_customer_owned_ip_on_launch": false,
            "map_public_ip_on_launch": true,
            "outpost_arn": "",
            "owner_id": "756810997654",
            "tags": {
              "Name": "subnet-3"
            },
            "tags_all": {
              "Name": "subnet-3"
            },
            "timeouts": null,
            "vpc_id": "vpc-002e1be11b5b2f6e0"
          },
          "sensitive_attributes": [],
          "private": "eyJlMmJmYjczMC1lY2FhLTExZTYtOGY4OC0zNDM2M2JjN2M0YzAiOnsiY3JlYXRlIjo2MDAwMDAwMDAwMDAsImRlbGV0ZSI6MTIwMDAwMDAwMDAwMH0sInNjaGVtYV92ZXJzaW9uIjoiMSJ9",
          "dependencies": [
            "aws_vpc.vpc"
          ]
        }
      ]
    },
    {
      "mode": "managed",
      "type": "aws_vpc",
      "name": "vpc",
      "provider": "provider[\"registry.terraform.io/hashicorp/aws\"]",
      "instances": [
        {
          "schema_version": 1,
          "attributes": {
            "arn": "arn:aws:ec2:us-east-2:756810997654:vpc/vpc-002e1be11b5b2f6e0",
            "assign_generated_ipv6_cidr_block": false,
            "cidr_block": "10.0.0.0/16",
            "default_network_acl_id": "acl-06414eb578e6acdbf",
            "default_route_table_id": "rtb-07ed96ad9c97d6f7a",
            "default_security_group_id": "sg-079b5fac31fefb699",
            "dhcp_options_id": "dopt-06a75da4d8248c8cd",
            "enable_classiclink": false,
            "enable_classiclink_dns_support": null,
            "enable_dns_hostnames": true,
            "enable_dns_support": true,
            "id": "vpc-002e1be11b5b2f6e0",
            "instance_tenancy": "default",
            "ipv6_association_id": "",
            "ipv6_cidr_block": "",
            "main_route_table_id": "rtb-07ed96ad9c97d6f7a",
            "owner_id": "756810997654",
            "tags": {
              "Name": "prod-vpc"
            },
            "tags_all": {
              "Name": "prod-vpc"
            }
          },
          "sensitive_attributes": [],
          "private": "eyJzY2hlbWFfdmVyc2lvbiI6IjEifQ=="
        }
      ]
    }
  ]
}
